
Microsoft Visual Studio Solution File, Format Version 12.00
# Visual Studio Version 17
VisualStudioVersion = 17.0.31903.59
MinimumVisualStudioVersion = 10.0.40219.1
Project("{FAE04EC0-301F-11D3-BF4B-00C04F79EFBC}") = "WebApp", "WebApp\WebApp.csproj", "{16F90244-7B96-4A12-A86D-4FCA70CDF004}"
EndProject
Project("{FAE04EC0-301F-11D3-BF4B-00C04F79EFBC}") = "Infrastructure", "Infrastructure\Infrastructure.csproj", "{3FA1A302-48FF-472D-9BF0-C43DF6C6421F}"
EndProject
Project("{FAE04EC0-301F-11D3-BF4B-00C04F79EFBC}") = "DataStore", "DataStore\DataStore.csproj", "{4315E50D-22C3-48D5-AD3D-E4DAF81ACE6E}"
EndProject
Global
	GlobalSection(SolutionConfigurationPlatforms) = preSolution
		Debug|Any CPU = Debug|Any CPU
		Release|Any CPU = Release|Any CPU
	EndGlobalSection
	GlobalSection(SolutionProperties) = preSolution
		HideSolutionNode = FALSE
	EndGlobalSection
	GlobalSection(ProjectConfigurationPlatforms) = postSolution
		{16F90244-7B96-4A12-A86D-4FCA70CDF004}.Debug|Any CPU.ActiveCfg = Debug|Any CPU
		{16F90244-7B96-4A12-A86D-4FCA70CDF004}.Debug|Any CPU.Build.0 = Debug|Any CPU
		{16F90244-7B96-4A12-A86D-4FCA70CDF004}.Release|Any CPU.ActiveCfg = Release|Any CPU
		{16F90244-7B96-4A12-A86D-4FCA70CDF004}.Release|Any CPU.Build.0 = Release|Any CPU
		{3FA1A302-48FF-472D-9BF0-C43DF6C6421F}.Debug|Any CPU.ActiveCfg = Debug|Any CPU
		{3FA1A302-48FF-472D-9BF0-C43DF6C6421F}.Debug|Any CPU.Build.0 = Debug|Any CPU
		{3FA1A302-48FF-472D-9BF0-C43DF6C6421F}.Release|Any CPU.ActiveCfg = Release|Any CPU
		{3FA1A302-48FF-472D-9BF0-C43DF6C6421F}.Release|Any CPU.Build.0 = Release|Any CPU
		{4315E50D-22C3-48D5-AD3D-E4DAF81ACE6E}.Debug|Any CPU.ActiveCfg = Debug|Any CPU
		{4315E50D-22C3-48D5-AD3D-E4DAF81ACE6E}.Debug|Any CPU.Build.0 = Debug|Any CPU
		{4315E50D-22C3-48D5-AD3D-E4DAF81ACE6E}.Release|Any CPU.ActiveCfg = Release|Any CPU
		{4315E50D-22C3-48D5-AD3D-E4DAF81ACE6E}.Release|Any CPU.Build.0 = Release|Any CPU
	EndGlobalSection
EndGlobal
